{
  "lockfile-version": 1,
  "manifest": {
    "version": 1,
    "install": {
      "cargo": {
        "pkg-path": "cargo",
        "pkg-group": "rust-toolchain",
        "version": "1.84.0"
      },
      "clippy": {
        "pkg-path": "clippy",
        "pkg-group": "rust-toolchain"
      },
      "cross": {
        "pkg-path": "cargo-cross"
      },
      "libiconv": {
        "pkg-path": "libiconv",
        "systems": [
          "aarch64-darwin",
          "x86_64-darwin"
        ]
      },
      "natscli": {
        "pkg-path": "natscli"
      },
      "protobuf": {
        "pkg-path": "protobuf"
      },
      "python": {
        "pkg-path": "python"
      },
      "rust-lib-src": {
        "pkg-path": "rustPlatform.rustLibSrc",
        "pkg-group": "rust-toolchain"
      },
      "rustc": {
        "pkg-path": "rustc",
        "pkg-group": "rust-toolchain",
        "version": "1.84.0"
      },
      "rustfmt": {
        "pkg-path": "rustfmt",
        "pkg-group": "rust-toolchain"
      }
    },
    "vars": {
      "API_URL": "http://localhost:5900",
      "DOCKER_HOST": "unix:///var/run/docker.sock"
    },
    "hook": {},
    "profile": {},
    "options": {
      "systems": [
        "aarch64-darwin",
        "aarch64-linux",
        "x86_64-darwin",
        "x86_64-linux"
      ],
      "allow": {
        "licenses": []
      },
      "semver": {}
    }
  },
  "packages": [
    {
      "attr_path": "cargo",
      "broken": false,
      "derivation": "/nix/store/k820z0wdd17jhl7my55x78gb20hd7a27-cargo-1.84.0.drv",
      "description": "Downloads your Rust project's dependencies and builds your project",
      "install_id": "cargo",
      "license": "[ MIT, Apache-2.0 ]",
      "locked_url": "https://github.com/flox/nixpkgs?rev=73cf49b8ad837ade2de76f87eb53fc85ed5d4680",
      "name": "cargo-1.84.0",
      "pname": "cargo",
      "rev": "73cf49b8ad837ade2de76f87eb53fc85ed5d4680",
      "rev_count": 755230,
      "rev_date": "2025-02-18T08:17:47Z",
      "scrape_date": "2025-02-20T02:25:42Z",
      "stabilities": [
        "staging",
        "unstable"
      ],
      "unfree": false,
      "version": "1.84.0",
      "outputs_to_install": [
        "out"
      ],
      "outputs": {
        "out": "/nix/store/f6ffl4j307l0yvk7mywbsf59gmrkn7pc-cargo-1.84.0"
      },
      "system": "aarch64-darwin",
      "group": "rust-toolchain",
      "priority": 5
    },
    {
      "attr_path": "cargo",
      "broken": false,
      "derivation": "/nix/store/vzdabhqi5js3ajnylj24a0rxg4a094d8-cargo-1.84.0.drv",
      "description": "Downloads your Rust project's dependencies and builds your project",
      "install_id": "cargo",
      "license": "[ MIT, Apache-2.0 ]",
      "locked_url": "https://github.com/flox/nixpkgs?rev=73cf49b8ad837ade2de76f87eb53fc85ed5d4680",
      "name": "cargo-1.84.0",
      "pname": "cargo",
      "rev": "73cf49b8ad837ade2de76f87eb53fc85ed5d4680",
      "rev_count": 755230,
      "rev_date": "2025-02-18T08:17:47Z",
      "scrape_date": "2025-02-20T02:25:42Z",
      "stabilities": [
        "staging",
        "unstable"
      ],
      "unfree": false,
      "version": "1.84.0",
      "outputs_to_install": [
        "out"
      ],
      "outputs": {
        "out": "/nix/store/svw4q7s6sn5iisvc3r14i6hkx819ypg2-cargo-1.84.0"
      },
      "system": "aarch64-linux",
      "group": "rust-toolchain",
      "priority": 5
    },
    {
      "attr_path": "cargo",
      "broken": false,
      "derivation": "/nix/store/r1drakm3mfmypc8kv93rj91n1dp77333-cargo-1.84.0.drv",
      "description": "Downloads your Rust project's dependencies and builds your project",
      "install_id": "cargo",
      "license": "[ MIT, Apache-2.0 ]",
      "locked_url": "https://github.com/flox/nixpkgs?rev=73cf49b8ad837ade2de76f87eb53fc85ed5d4680",
      "name": "cargo-1.84.0",
      "pname": "cargo",
      "rev": "73cf49b8ad837ade2de76f87eb53fc85ed5d4680",
      "rev_count": 755230,
      "rev_date": "2025-02-18T08:17:47Z",
      "scrape_date": "2025-02-20T02:25:42Z",
      "stabilities": [
        "staging",
        "unstable"
      ],
      "unfree": false,
      "version": "1.84.0",
      "outputs_to_install": [
        "out"
      ],
      "outputs": {
        "out": "/nix/store/7nbcrxfxcpsapbbjh9gkapaz5n7llwcx-cargo-1.84.0"
      },
      "system": "x86_64-darwin",
      "group": "rust-toolchain",
      "priority": 5
    },
    {
      "attr_path": "cargo",
      "broken": false,
      "derivation": "/nix/store/k8qljkrvyy6x8jy7v8zj6mfykchcm3vc-cargo-1.84.0.drv",
      "description": "Downloads your Rust project's dependencies and builds your project",
      "install_id": "cargo",
      "license": "[ MIT, Apache-2.0 ]",
      "locked_url": "https://github.com/flox/nixpkgs?rev=73cf49b8ad837ade2de76f87eb53fc85ed5d4680",
      "name": "cargo-1.84.0",
      "pname": "cargo",
      "rev": "73cf49b8ad837ade2de76f87eb53fc85ed5d4680",
      "rev_count": 755230,
      "rev_date": "2025-02-18T08:17:47Z",
      "scrape_date": "2025-02-20T02:25:42Z",
      "stabilities": [
        "staging",
        "unstable"
      ],
      "unfree": false,
      "version": "1.84.0",
      "outputs_to_install": [
        "out"
      ],
      "outputs": {
        "out": "/nix/store/q01clim33r4zdcmmdymmzz6icalpx00s-cargo-1.84.0"
      },
      "system": "x86_64-linux",
      "group": "rust-toolchain",
      "priority": 5
    },
    {
      "attr_path": "clippy",
      "broken": false,
      "derivation": "/nix/store/c6dbdp124yxg3ba1g6mwknmrnck826xw-clippy-1.84.0.drv",
      "description": "Bunch of lints to catch common mistakes and improve your Rust code",
      "install_id": "clippy",
      "license": "[ MIT, Apache-2.0 ]",
      "locked_url": "https://github.com/flox/nixpkgs?rev=73cf49b8ad837ade2de76f87eb53fc85ed5d4680",
      "name": "clippy-1.84.0",
      "pname": "clippy",
      "rev": "73cf49b8ad837ade2de76f87eb53fc85ed5d4680",
      "rev_count": 755230,
      "rev_date": "2025-02-18T08:17:47Z",
      "scrape_date": "2025-02-20T02:25:42Z",
      "stabilities": [
        "staging",
        "unstable"
      ],
      "unfree": false,
      "version": "1.84.0",
      "outputs_to_install": [
        "out"
      ],
      "outputs": {
        "out": "/nix/store/mxdn748ydshynadlr36qx00yvzvqqfy2-clippy-1.84.0"
      },
      "system": "aarch64-darwin",
      "group": "rust-toolchain",
      "priority": 5
    },
    {
      "attr_path": "clippy",
      "broken": false,
      "derivation": "/nix/store/kq7xahmjbgzw81vwhpddkfzybwvj8dgy-clippy-1.84.0.drv",
      "description": "Bunch of lints to catch common mistakes and improve your Rust code",
      "install_id": "clippy",
      "license": "[ MIT, Apache-2.0 ]",
      "locked_url": "https://github.com/flox/nixpkgs?rev=73cf49b8ad837ade2de76f87eb53fc85ed5d4680",
      "name": "clippy-1.84.0",
      "pname": "clippy",
      "rev": "73cf49b8ad837ade2de76f87eb53fc85ed5d4680",
      "rev_count": 755230,
      "rev_date": "2025-02-18T08:17:47Z",
      "scrape_date": "2025-02-20T02:25:42Z",
      "stabilities": [
        "staging",
        "unstable"
      ],
      "unfree": false,
      "version": "1.84.0",
      "outputs_to_install": [
        "out"
      ],
      "outputs": {
        "debug": "/nix/store/1h4kn2hdxrwvih5djl6dva93ybjsnaaw-clippy-1.84.0-debug",
        "out": "/nix/store/zl9knbmmbzscihsjxn8nvi22bcn62k7r-clippy-1.84.0"
      },
      "system": "aarch64-linux",
      "group": "rust-toolchain",
      "priority": 5
    },
    {
      "attr_path": "clippy",
      "broken": false,
      "derivation": "/nix/store/0f4acyp9wfz6fd6fnv8fcm250hbz88az-clippy-1.84.0.drv",
      "description": "Bunch of lints to catch common mistakes and improve your Rust code",
      "install_id": "clippy",
      "license": "[ MIT, Apache-2.0 ]",
      "locked_url": "https://github.com/flox/nixpkgs?rev=73cf49b8ad837ade2de76f87eb53fc85ed5d4680",
      "name": "clippy-1.84.0",
      "pname": "clippy",
      "rev": "73cf49b8ad837ade2de76f87eb53fc85ed5d4680",
      "rev_count": 755230,
      "rev_date": "2025-02-18T08:17:47Z",
      "scrape_date": "2025-02-20T02:25:42Z",
      "stabilities": [
        "staging",
        "unstable"
      ],
      "unfree": false,
      "version": "1.84.0",
      "outputs_to_install": [
        "out"
      ],
      "outputs": {
        "out": "/nix/store/q09jwcm816hhd9jqf64knvakzzvmqq33-clippy-1.84.0"
      },
      "system": "x86_64-darwin",
      "group": "rust-toolchain",
      "priority": 5
    },
    {
      "attr_path": "clippy",
      "broken": false,
      "derivation": "/nix/store/0lianm9z97xwayb9w5l6h030dxnx2c2g-clippy-1.84.0.drv",
      "description": "Bunch of lints to catch common mistakes and improve your Rust code",
      "install_id": "clippy",
      "license": "[ MIT, Apache-2.0 ]",
      "locked_url": "https://github.com/flox/nixpkgs?rev=73cf49b8ad837ade2de76f87eb53fc85ed5d4680",
      "name": "clippy-1.84.0",
      "pname": "clippy",
      "rev": "73cf49b8ad837ade2de76f87eb53fc85ed5d4680",
      "rev_count": 755230,
      "rev_date": "2025-02-18T08:17:47Z",
      "scrape_date": "2025-02-20T02:25:42Z",
      "stabilities": [
        "staging",
        "unstable"
      ],
      "unfree": false,
      "version": "1.84.0",
      "outputs_to_install": [
        "out"
      ],
      "outputs": {
        "debug": "/nix/store/h2r2xlkz3sv6zxigd4mn39k5h6rgfgyx-clippy-1.84.0-debug",
        "out": "/nix/store/wr5b4dg5s9r9dk2sdfy30hdvwdcgd1wc-clippy-1.84.0"
      },
      "system": "x86_64-linux",
      "group": "rust-toolchain",
      "priority": 5
    },
    {
      "attr_path": "rustPlatform.rustLibSrc",
      "broken": false,
      "derivation": "/nix/store/4ym5cnd94i2xx60yk79r53c4n5qvakn1-rust-lib-src.drv",
      "install_id": "rust-lib-src",
      "locked_url": "https://github.com/flox/nixpkgs?rev=73cf49b8ad837ade2de76f87eb53fc85ed5d4680",
      "name": "rust-lib-src",
      "pname": "rustLibSrc",
      "rev": "73cf49b8ad837ade2de76f87eb53fc85ed5d4680",
      "rev_count": 755230,
      "rev_date": "2025-02-18T08:17:47Z",
      "scrape_date": "2025-02-20T02:25:42Z",
      "stabilities": [
        "staging",
        "unstable"
      ],
      "unfree": false,
      "version": "rust-lib-src",
      "outputs_to_install": [
        "out"
      ],
      "outputs": {
        "out": "/nix/store/ddmq91d5mkn5d18gkq2qsncn1rcgg0z7-rust-lib-src"
      },
      "system": "aarch64-darwin",
      "group": "rust-toolchain",
      "priority": 5
    },
    {
      "attr_path": "rustPlatform.rustLibSrc",
      "broken": false,
      "derivation": "/nix/store/942c7ivspan61bfmjx00qfsxbckzhj0n-rust-lib-src.drv",
      "install_id": "rust-lib-src",
      "locked_url": "https://github.com/flox/nixpkgs?rev=73cf49b8ad837ade2de76f87eb53fc85ed5d4680",
      "name": "rust-lib-src",
      "pname": "rustLibSrc",
      "rev": "73cf49b8ad837ade2de76f87eb53fc85ed5d4680",
      "rev_count": 755230,
      "rev_date": "2025-02-18T08:17:47Z",
      "scrape_date": "2025-02-20T02:25:42Z",
      "stabilities": [
        "staging",
        "unstable"
      ],
      "unfree": false,
      "version": "rust-lib-src",
      "outputs_to_install": [
        "out"
      ],
      "outputs": {
        "out": "/nix/store/x98mxar0riw5vz9bk0y58fas6qkknx34-rust-lib-src"
      },
      "system": "aarch64-linux",
      "group": "rust-toolchain",
      "priority": 5
    },
    {
      "attr_path": "rustPlatform.rustLibSrc",
      "broken": false,
      "derivation": "/nix/store/adns9yrys3xzi9232by8grqzm9vmcrr0-rust-lib-src.drv",
      "install_id": "rust-lib-src",
      "locked_url": "https://github.com/flox/nixpkgs?rev=73cf49b8ad837ade2de76f87eb53fc85ed5d4680",
      "name": "rust-lib-src",
      "pname": "rustLibSrc",
      "rev": "73cf49b8ad837ade2de76f87eb53fc85ed5d4680",
      "rev_count": 755230,
      "rev_date": "2025-02-18T08:17:47Z",
      "scrape_date": "2025-02-20T02:25:42Z",
      "stabilities": [
        "staging",
        "unstable"
      ],
      "unfree": false,
      "version": "rust-lib-src",
      "outputs_to_install": [
        "out"
      ],
      "outputs": {
        "out": "/nix/store/pysbqjdrvql3lr5mc4qfjskybnkj29f5-rust-lib-src"
      },
      "system": "x86_64-darwin",
      "group": "rust-toolchain",
      "priority": 5
    },
    {
      "attr_path": "rustPlatform.rustLibSrc",
      "broken": false,
      "derivation": "/nix/store/i8773apx734nbryahq371jrf9sd98n6d-rust-lib-src.drv",
      "install_id": "rust-lib-src",
      "locked_url": "https://github.com/flox/nixpkgs?rev=73cf49b8ad837ade2de76f87eb53fc85ed5d4680",
      "name": "rust-lib-src",
      "pname": "rustLibSrc",
      "rev": "73cf49b8ad837ade2de76f87eb53fc85ed5d4680",
      "rev_count": 755230,
      "rev_date": "2025-02-18T08:17:47Z",
      "scrape_date": "2025-02-20T02:25:42Z",
      "stabilities": [
        "staging",
        "unstable"
      ],
      "unfree": false,
      "version": "rust-lib-src",
      "outputs_to_install": [
        "out"
      ],
      "outputs": {
        "out": "/nix/store/r08c2hz6pgag3mcr3pxgwdfjhw4hjidm-rust-lib-src"
      },
      "system": "x86_64-linux",
      "group": "rust-toolchain",
      "priority": 5
    },
    {
      "attr_path": "rustc",
      "broken": false,
      "derivation": "/nix/store/3734xx6s56mwzbzifldac1lwjb59w4hq-rustc-wrapper-1.84.0.drv",
      "description": "Safe, concurrent, practical language (wrapper script)",
      "install_id": "rustc",
      "license": "[ MIT, Apache-2.0 ]",
      "locked_url": "https://github.com/flox/nixpkgs?rev=73cf49b8ad837ade2de76f87eb53fc85ed5d4680",
      "name": "rustc-wrapper-1.84.0",
      "pname": "rustc",
      "rev": "73cf49b8ad837ade2de76f87eb53fc85ed5d4680",
      "rev_count": 755230,
      "rev_date": "2025-02-18T08:17:47Z",
      "scrape_date": "2025-02-20T02:25:42Z",
      "stabilities": [
        "staging",
        "unstable"
      ],
      "unfree": false,
      "version": "1.84.0",
      "outputs_to_install": [
        "man",
        "out"
      ],
      "outputs": {
        "doc": "/nix/store/cj92np2ywjgds528lgrqs51ilm6r7mb1-rustc-wrapper-1.84.0-doc",
        "man": "/nix/store/j5v4xlb21lddmh7n0axmqyvgqk35cf80-rustc-wrapper-1.84.0-man",
        "out": "/nix/store/7fzvh652h1j6qd0vamwamrzr8anvss8h-rustc-wrapper-1.84.0"
      },
      "system": "aarch64-darwin",
      "group": "rust-toolchain",
      "priority": 5
    },
    {
      "attr_path": "rustc",
      "broken": false,
      "derivation": "/nix/store/l4w7ys7v00lli9iaywy05ahqzrrmlc2a-rustc-wrapper-1.84.0.drv",
      "description": "Safe, concurrent, practical language (wrapper script)",
      "install_id": "rustc",
      "license": "[ MIT, Apache-2.0 ]",
      "locked_url": "https://github.com/flox/nixpkgs?rev=73cf49b8ad837ade2de76f87eb53fc85ed5d4680",
      "name": "rustc-wrapper-1.84.0",
      "pname": "rustc",
      "rev": "73cf49b8ad837ade2de76f87eb53fc85ed5d4680",
      "rev_count": 755230,
      "rev_date": "2025-02-18T08:17:47Z",
      "scrape_date": "2025-02-20T02:25:42Z",
      "stabilities": [
        "staging",
        "unstable"
      ],
      "unfree": false,
      "version": "1.84.0",
      "outputs_to_install": [
        "man",
        "out"
      ],
      "outputs": {
        "doc": "/nix/store/ckzg5pn24f6c2pp86d6yvm82c2whm7xg-rustc-wrapper-1.84.0-doc",
        "man": "/nix/store/dx50rvdhl8b4apvisvl9wcnsvcrr61q2-rustc-wrapper-1.84.0-man",
        "out": "/nix/store/0pyaissv4lf3nh1v70kivh3hpy3gxhcy-rustc-wrapper-1.84.0"
      },
      "system": "aarch64-linux",
      "group": "rust-toolchain",
      "priority": 5
    },
    {
      "attr_path": "rustc",
      "broken": false,
      "derivation": "/nix/store/4yzib77q1wyf6k95pbljd2sr8s6qaj38-rustc-wrapper-1.84.0.drv",
      "description": "Safe, concurrent, practical language (wrapper script)",
      "install_id": "rustc",
      "license": "[ MIT, Apache-2.0 ]",
      "locked_url": "https://github.com/flox/nixpkgs?rev=73cf49b8ad837ade2de76f87eb53fc85ed5d4680",
      "name": "rustc-wrapper-1.84.0",
      "pname": "rustc",
      "rev": "73cf49b8ad837ade2de76f87eb53fc85ed5d4680",
      "rev_count": 755230,
      "rev_date": "2025-02-18T08:17:47Z",
      "scrape_date": "2025-02-20T02:25:42Z",
      "stabilities": [
        "staging",
        "unstable"
      ],
      "unfree": false,
      "version": "1.84.0",
      "outputs_to_install": [
        "man",
        "out"
      ],
      "outputs": {
        "doc": "/nix/store/c5ilcv7rvg502ym7kdm1b9gcwigqd7vw-rustc-wrapper-1.84.0-doc",
        "man": "/nix/store/dkbybicaf20c44p7vmnha1d484pq8sn1-rustc-wrapper-1.84.0-man",
        "out": "/nix/store/2mjqn63g1vb76mf1jv12ssff4c4blvn9-rustc-wrapper-1.84.0"
      },
      "system": "x86_64-darwin",
      "group": "rust-toolchain",
      "priority": 5
    },
    {
      "attr_path": "rustc",
      "broken": false,
      "derivation": "/nix/store/hqr8blwc696b18kga5zpcqjvygczraw6-rustc-wrapper-1.84.0.drv",
      "description": "Safe, concurrent, practical language (wrapper script)",
      "install_id": "rustc",
      "license": "[ MIT, Apache-2.0 ]",
      "locked_url": "https://github.com/flox/nixpkgs?rev=73cf49b8ad837ade2de76f87eb53fc85ed5d4680",
      "name": "rustc-wrapper-1.84.0",
      "pname": "rustc",
      "rev": "73cf49b8ad837ade2de76f87eb53fc85ed5d4680",
      "rev_count": 755230,
      "rev_date": "2025-02-18T08:17:47Z",
      "scrape_date": "2025-02-20T02:25:42Z",
      "stabilities": [
        "staging",
        "unstable"
      ],
      "unfree": false,
      "version": "1.84.0",
      "outputs_to_install": [
        "man",
        "out"
      ],
      "outputs": {
        "doc": "/nix/store/mm8ad9kzdjixyl4mv4bgv7jlj0b098hv-rustc-wrapper-1.84.0-doc",
        "man": "/nix/store/cif66dwwj6mv4a6dxbinjf5nnz0b69i9-rustc-wrapper-1.84.0-man",
        "out": "/nix/store/fyh0f9vqkdgifgi8n1zw5lm0z4iqlw6w-rustc-wrapper-1.84.0"
      },
      "system": "x86_64-linux",
      "group": "rust-toolchain",
      "priority": 5
    },
    {
      "attr_path": "rustfmt",
      "broken": false,
      "derivation": "/nix/store/jfjwgzrxchrsgfl7zvrmflp8kr54k9in-rustfmt-1.84.0.drv",
      "description": "Tool for formatting Rust code according to style guidelines",
      "install_id": "rustfmt",
      "license": "[ MIT, Apache-2.0 ]",
      "locked_url": "https://github.com/flox/nixpkgs?rev=73cf49b8ad837ade2de76f87eb53fc85ed5d4680",
      "name": "rustfmt-1.84.0",
      "pname": "rustfmt",
      "rev": "73cf49b8ad837ade2de76f87eb53fc85ed5d4680",
      "rev_count": 755230,
      "rev_date": "2025-02-18T08:17:47Z",
      "scrape_date": "2025-02-20T02:25:42Z",
      "stabilities": [
        "staging",
        "unstable"
      ],
      "unfree": false,
      "version": "1.84.0",
      "outputs_to_install": [
        "out"
      ],
      "outputs": {
        "out": "/nix/store/yr5m1fwhr4nhibfyz6nxhxn3llp4k4v1-rustfmt-1.84.0"
      },
      "system": "aarch64-darwin",
      "group": "rust-toolchain",
      "priority": 5
    },
    {
      "attr_path": "rustfmt",
      "broken": false,
      "derivation": "/nix/store/87glhhkh018d5risbmmadprzrmg0in2v-rustfmt-1.84.0.drv",
      "description": "Tool for formatting Rust code according to style guidelines",
      "install_id": "rustfmt",
      "license": "[ MIT, Apache-2.0 ]",
      "locked_url": "https://github.com/flox/nixpkgs?rev=73cf49b8ad837ade2de76f87eb53fc85ed5d4680",
      "name": "rustfmt-1.84.0",
      "pname": "rustfmt",
      "rev": "73cf49b8ad837ade2de76f87eb53fc85ed5d4680",
      "rev_count": 755230,
      "rev_date": "2025-02-18T08:17:47Z",
      "scrape_date": "2025-02-20T02:25:42Z",
      "stabilities": [
        "staging",
        "unstable"
      ],
      "unfree": false,
      "version": "1.84.0",
      "outputs_to_install": [
        "out"
      ],
      "outputs": {
        "out": "/nix/store/2x5zmbvsan3lx8avk47cqhyr5w0di06h-rustfmt-1.84.0"
      },
      "system": "aarch64-linux",
      "group": "rust-toolchain",
      "priority": 5
    },
    {
      "attr_path": "rustfmt",
      "broken": false,
      "derivation": "/nix/store/pfy1jpdnycqysdb6dghqj94abavq7zwc-rustfmt-1.84.0.drv",
      "description": "Tool for formatting Rust code according to style guidelines",
      "install_id": "rustfmt",
      "license": "[ MIT, Apache-2.0 ]",
      "locked_url": "https://github.com/flox/nixpkgs?rev=73cf49b8ad837ade2de76f87eb53fc85ed5d4680",
      "name": "rustfmt-1.84.0",
      "pname": "rustfmt",
      "rev": "73cf49b8ad837ade2de76f87eb53fc85ed5d4680",
      "rev_count": 755230,
      "rev_date": "2025-02-18T08:17:47Z",
      "scrape_date": "2025-02-20T02:25:42Z",
      "stabilities": [
        "staging",
        "unstable"
      ],
      "unfree": false,
      "version": "1.84.0",
      "outputs_to_install": [
        "out"
      ],
      "outputs": {
        "out": "/nix/store/w1v8hzpw1zlill460h0ab3fywy6ik66z-rustfmt-1.84.0"
      },
      "system": "x86_64-darwin",
      "group": "rust-toolchain",
      "priority": 5
    },
    {
      "attr_path": "rustfmt",
      "broken": false,
      "derivation": "/nix/store/ix9wx4wkfx0klk5az96d5gly29nz36ml-rustfmt-1.84.0.drv",
      "description": "Tool for formatting Rust code according to style guidelines",
      "install_id": "rustfmt",
      "license": "[ MIT, Apache-2.0 ]",
      "locked_url": "https://github.com/flox/nixpkgs?rev=73cf49b8ad837ade2de76f87eb53fc85ed5d4680",
      "name": "rustfmt-1.84.0",
      "pname": "rustfmt",
      "rev": "73cf49b8ad837ade2de76f87eb53fc85ed5d4680",
      "rev_count": 755230,
      "rev_date": "2025-02-18T08:17:47Z",
      "scrape_date": "2025-02-20T02:25:42Z",
      "stabilities": [
        "staging",
        "unstable"
      ],
      "unfree": false,
      "version": "1.84.0",
      "outputs_to_install": [
        "out"
      ],
      "outputs": {
        "out": "/nix/store/2gg27x8zdhg7cwqqxc3dm3jsq4gb94v4-rustfmt-1.84.0"
      },
      "system": "x86_64-linux",
      "group": "rust-toolchain",
      "priority": 5
    },
    {
      "attr_path": "cargo-cross",
      "broken": false,
      "derivation": "/nix/store/yf0vvw0qxxnkv06a4a9h21dsasb4flx6-cargo-cross-0.2.4.drv",
      "description": "Zero setup cross compilation and cross testing",
      "install_id": "cross",
      "license": "[ Apache-2.0, MIT ]",
      "locked_url": "https://github.com/flox/nixpkgs?rev=0fc9fca9c8d43edd79d33fea0dd8409d7c4580f4",
      "name": "cargo-cross-0.2.4",
      "pname": "cargo-cross",
      "rev": "0fc9fca9c8d43edd79d33fea0dd8409d7c4580f4",
      "rev_count": 439146,
      "rev_date": "2023-01-02T00:06:23Z",
      "scrape_date": "2024-08-16T02:13:46Z",
      "stabilities": [
        "staging",
        "unstable"
      ],
      "unfree": false,
      "version": "0.2.4",
      "outputs_to_install": [
        "out"
      ],
      "outputs": {
        "out": "/nix/store/dlhi3020f9l52skzjdfmvi8dmgaxg24a-cargo-cross-0.2.4"
      },
      "system": "aarch64-darwin",
      "group": "toplevel",
      "priority": 5
    },
    {
      "attr_path": "cargo-cross",
      "broken": false,
      "derivation": "/nix/store/rdzwhzpk57i7pjc9hsjx2badjgyhfamx-cargo-cross-0.2.4.drv",
      "description": "Zero setup cross compilation and cross testing",
      "install_id": "cross",
      "license": "[ Apache-2.0, MIT ]",
      "locked_url": "https://github.com/flox/nixpkgs?rev=0fc9fca9c8d43edd79d33fea0dd8409d7c4580f4",
      "name": "cargo-cross-0.2.4",
      "pname": "cargo-cross",
      "rev": "0fc9fca9c8d43edd79d33fea0dd8409d7c4580f4",
      "rev_count": 439146,
      "rev_date": "2023-01-02T00:06:23Z",
      "scrape_date": "2024-08-16T02:13:46Z",
      "stabilities": [
        "staging",
        "unstable"
      ],
      "unfree": false,
      "version": "0.2.4",
      "outputs_to_install": [
        "out"
      ],
      "outputs": {
        "out": "/nix/store/cyhs3g89x86pkh9kzxkia4sdznvd54q5-cargo-cross-0.2.4"
      },
      "system": "aarch64-linux",
      "group": "toplevel",
      "priority": 5
    },
    {
      "attr_path": "cargo-cross",
      "broken": false,
      "derivation": "/nix/store/vp1a39mwar676g8fvnwy0ns7xi6x2mir-cargo-cross-0.2.4.drv",
      "description": "Zero setup cross compilation and cross testing",
      "install_id": "cross",
      "license": "[ Apache-2.0, MIT ]",
      "locked_url": "https://github.com/flox/nixpkgs?rev=0fc9fca9c8d43edd79d33fea0dd8409d7c4580f4",
      "name": "cargo-cross-0.2.4",
      "pname": "cargo-cross",
      "rev": "0fc9fca9c8d43edd79d33fea0dd8409d7c4580f4",
      "rev_count": 439146,
      "rev_date": "2023-01-02T00:06:23Z",
      "scrape_date": "2024-08-16T02:13:46Z",
      "stabilities": [
        "staging",
        "unstable"
      ],
      "unfree": false,
      "version": "0.2.4",
      "outputs_to_install": [
        "out"
      ],
      "outputs": {
        "out": "/nix/store/3pv4hpqayyws2mgvhs49dwx94x0ycz2w-cargo-cross-0.2.4"
      },
      "system": "x86_64-darwin",
      "group": "toplevel",
      "priority": 5
    },
    {
      "attr_path": "cargo-cross",
      "broken": false,
      "derivation": "/nix/store/pcyzpr4amfiz96p01ff32gkk6anys967-cargo-cross-0.2.4.drv",
      "description": "Zero setup cross compilation and cross testing",
      "install_id": "cross",
      "license": "[ Apache-2.0, MIT ]",
      "locked_url": "https://github.com/flox/nixpkgs?rev=0fc9fca9c8d43edd79d33fea0dd8409d7c4580f4",
      "name": "cargo-cross-0.2.4",
      "pname": "cargo-cross",
      "rev": "0fc9fca9c8d43edd79d33fea0dd8409d7c4580f4",
      "rev_count": 439146,
      "rev_date": "2023-01-02T00:06:23Z",
      "scrape_date": "2024-08-16T02:13:46Z",
      "stabilities": [
        "staging",
        "unstable"
      ],
      "unfree": false,
      "version": "0.2.4",
      "outputs_to_install": [
        "out"
      ],
      "outputs": {
        "out": "/nix/store/blq2cm9bmlb639zl6mn5n55jr72xrvv2-cargo-cross-0.2.4"
      },
      "system": "x86_64-linux",
      "group": "toplevel",
      "priority": 5
    },
    {
      "attr_path": "libiconv",
      "broken": false,
      "derivation": "/nix/store/kan5xb1q05mv09zv7376cwxpw12sgjrl-libiconv-50.drv",
      "install_id": "libiconv",
      "license": "APSL-2.0",
      "locked_url": "https://github.com/flox/nixpkgs?rev=0fc9fca9c8d43edd79d33fea0dd8409d7c4580f4",
      "name": "libiconv-50",
      "pname": "libiconv",
      "rev": "0fc9fca9c8d43edd79d33fea0dd8409d7c4580f4",
      "rev_count": 439146,
      "rev_date": "2023-01-02T00:06:23Z",
      "scrape_date": "2024-08-16T02:13:46Z",
      "stabilities": [
        "staging",
        "unstable"
      ],
      "unfree": false,
      "version": "50",
      "outputs_to_install": [
        "out"
      ],
      "outputs": {
        "out": "/nix/store/wx7vf2vzz1dqqp0vl2d3v88bzp2540n2-libiconv-50"
      },
      "system": "aarch64-darwin",
      "group": "toplevel",
      "priority": 5
    },
    {
      "attr_path": "libiconv",
      "broken": false,
      "derivation": "/nix/store/61ydy9v9jy722lgczh10pphw01n8929z-libiconv-50.drv",
      "install_id": "libiconv",
      "license": "APSL-2.0",
      "locked_url": "https://github.com/flox/nixpkgs?rev=0fc9fca9c8d43edd79d33fea0dd8409d7c4580f4",
      "name": "libiconv-50",
      "pname": "libiconv",
      "rev": "0fc9fca9c8d43edd79d33fea0dd8409d7c4580f4",
      "rev_count": 439146,
      "rev_date": "2023-01-02T00:06:23Z",
      "scrape_date": "2024-08-16T02:13:46Z",
      "stabilities": [
        "staging",
        "unstable"
      ],
      "unfree": false,
      "version": "50",
      "outputs_to_install": [
        "out"
      ],
      "outputs": {
        "out": "/nix/store/z1d2x7ybr06vi5czzr27vsd5j77sc6qw-libiconv-50"
      },
      "system": "x86_64-darwin",
      "group": "toplevel",
      "priority": 5
    },
    {
      "attr_path": "natscli",
      "broken": false,
      "derivation": "/nix/store/glybwjnsmy4grd2dsggjsgkqj79g47wl-natscli-0.0.35.drv",
      "description": "NATS Command Line Interface",
      "install_id": "natscli",
      "license": "[ Apache-2.0 ]",
      "locked_url": "https://github.com/flox/nixpkgs?rev=0fc9fca9c8d43edd79d33fea0dd8409d7c4580f4",
      "name": "natscli-0.0.35",
      "pname": "natscli",
      "rev": "0fc9fca9c8d43edd79d33fea0dd8409d7c4580f4",
      "rev_count": 439146,
      "rev_date": "2023-01-02T00:06:23Z",
      "scrape_date": "2024-08-16T02:13:46Z",
      "stabilities": [
        "staging",
        "unstable"
      ],
      "unfree": false,
      "version": "0.0.35",
      "outputs_to_install": [
        "out"
      ],
      "outputs": {
        "out": "/nix/store/wmg72dbs4qhlaf0zwvbxlsiprbznjrjb-natscli-0.0.35"
      },
      "system": "aarch64-darwin",
      "group": "toplevel",
      "priority": 5
    },
    {
      "attr_path": "natscli",
      "broken": false,
      "derivation": "/nix/store/l721xs0jc6zv7hrb13vnri5jhv2141ry-natscli-0.0.35.drv",
      "description": "NATS Command Line Interface",
      "install_id": "natscli",
      "license": "[ Apache-2.0 ]",
      "locked_url": "https://github.com/flox/nixpkgs?rev=0fc9fca9c8d43edd79d33fea0dd8409d7c4580f4",
      "name": "natscli-0.0.35",
      "pname": "natscli",
      "rev": "0fc9fca9c8d43edd79d33fea0dd8409d7c4580f4",
      "rev_count": 439146,
      "rev_date": "2023-01-02T00:06:23Z",
      "scrape_date": "2024-08-16T02:13:46Z",
      "stabilities": [
        "staging",
        "unstable"
      ],
      "unfree": false,
      "version": "0.0.35",
      "outputs_to_install": [
        "out"
      ],
      "outputs": {
        "out": "/nix/store/2g6agcqzwlkmgvnl9g5697lrwrn8msjk-natscli-0.0.35"
      },
      "system": "aarch64-linux",
      "group": "toplevel",
      "priority": 5
    },
    {
      "attr_path": "natscli",
      "broken": false,
      "derivation": "/nix/store/9j6z3ynfjb526g5k4x7yi83b7h1q1hil-natscli-0.0.35.drv",
      "description": "NATS Command Line Interface",
      "install_id": "natscli",
      "license": "[ Apache-2.0 ]",
      "locked_url": "https://github.com/flox/nixpkgs?rev=0fc9fca9c8d43edd79d33fea0dd8409d7c4580f4",
      "name": "natscli-0.0.35",
      "pname": "natscli",
      "rev": "0fc9fca9c8d43edd79d33fea0dd8409d7c4580f4",
      "rev_count": 439146,
      "rev_date": "2023-01-02T00:06:23Z",
      "scrape_date": "2024-08-16T02:13:46Z",
      "stabilities": [
        "staging",
        "unstable"
      ],
      "unfree": false,
      "version": "0.0.35",
      "outputs_to_install": [
        "out"
      ],
      "outputs": {
        "out": "/nix/store/sfck081jggdp2s7wh6cq6zc2diawqrzz-natscli-0.0.35"
      },
      "system": "x86_64-darwin",
      "group": "toplevel",
      "priority": 5
    },
    {
      "attr_path": "natscli",
      "broken": false,
      "derivation": "/nix/store/m6938gp00nbwa6gpnhwznl3yhjy7xn5z-natscli-0.0.35.drv",
      "description": "NATS Command Line Interface",
      "install_id": "natscli",
      "license": "[ Apache-2.0 ]",
      "locked_url": "https://github.com/flox/nixpkgs?rev=0fc9fca9c8d43edd79d33fea0dd8409d7c4580f4",
      "name": "natscli-0.0.35",
      "pname": "natscli",
      "rev": "0fc9fca9c8d43edd79d33fea0dd8409d7c4580f4",
      "rev_count": 439146,
      "rev_date": "2023-01-02T00:06:23Z",
      "scrape_date": "2024-08-16T02:13:46Z",
      "stabilities": [
        "staging",
        "unstable"
      ],
      "unfree": false,
      "version": "0.0.35",
      "outputs_to_install": [
        "out"
      ],
      "outputs": {
        "out": "/nix/store/78kgb4b86mqhvxdnaqxr42wf81q3jh5y-natscli-0.0.35"
      },
      "system": "x86_64-linux",
      "group": "toplevel",
      "priority": 5
    },
    {
      "attr_path": "protobuf",
      "broken": false,
      "derivation": "/nix/store/phy0m00v3i2sagpwh37m3jwg2pbw7b5i-protobuf-3.21.8.drv",
      "description": "Google's data interchange format",
      "install_id": "protobuf",
      "license": "BSD-3-Clause",
      "locked_url": "https://github.com/flox/nixpkgs?rev=0fc9fca9c8d43edd79d33fea0dd8409d7c4580f4",
      "name": "protobuf-3.21.8",
      "pname": "protobuf",
      "rev": "0fc9fca9c8d43edd79d33fea0dd8409d7c4580f4",
      "rev_count": 439146,
      "rev_date": "2023-01-02T00:06:23Z",
      "scrape_date": "2024-08-16T02:13:46Z",
      "stabilities": [
        "staging",
        "unstable"
      ],
      "unfree": false,
      "version": "3.21.8",
      "outputs_to_install": [
        "out"
      ],
      "outputs": {
        "out": "/nix/store/g0skp35xx74fp4l5cpkdh396g4l0dgss-protobuf-3.21.8"
      },
      "system": "aarch64-darwin",
      "group": "toplevel",
      "priority": 5
    },
    {
      "attr_path": "protobuf",
      "broken": false,
      "derivation": "/nix/store/9297plwj0w8aiyncia5w8rr210x0vaxv-protobuf-3.21.8.drv",
      "description": "Google's data interchange format",
      "install_id": "protobuf",
      "license": "BSD-3-Clause",
      "locked_url": "https://github.com/flox/nixpkgs?rev=0fc9fca9c8d43edd79d33fea0dd8409d7c4580f4",
      "name": "protobuf-3.21.8",
      "pname": "protobuf",
      "rev": "0fc9fca9c8d43edd79d33fea0dd8409d7c4580f4",
      "rev_count": 439146,
      "rev_date": "2023-01-02T00:06:23Z",
      "scrape_date": "2024-08-16T02:13:46Z",
      "stabilities": [
        "staging",
        "unstable"
      ],
      "unfree": false,
      "version": "3.21.8",
      "outputs_to_install": [
        "out"
      ],
      "outputs": {
        "out": "/nix/store/ds4q55vp5fkpds78r7ha4g2maz4bh533-protobuf-3.21.8"
      },
      "system": "aarch64-linux",
      "group": "toplevel",
      "priority": 5
    },
    {
      "attr_path": "protobuf",
      "broken": false,
      "derivation": "/nix/store/jika6f5zmgkfp1v6k3j8xwh1fz4n84ca-protobuf-3.21.8.drv",
      "description": "Google's data interchange format",
      "install_id": "protobuf",
      "license": "BSD-3-Clause",
      "locked_url": "https://github.com/flox/nixpkgs?rev=0fc9fca9c8d43edd79d33fea0dd8409d7c4580f4",
      "name": "protobuf-3.21.8",
      "pname": "protobuf",
      "rev": "0fc9fca9c8d43edd79d33fea0dd8409d7c4580f4",
      "rev_count": 439146,
      "rev_date": "2023-01-02T00:06:23Z",
      "scrape_date": "2024-08-16T02:13:46Z",
      "stabilities": [
        "staging",
        "unstable"
      ],
      "unfree": false,
      "version": "3.21.8",
      "outputs_to_install": [
        "out"
      ],
      "outputs": {
        "out": "/nix/store/xsgyg5li0l43456pkj4kwf6k2lmrpc7x-protobuf-3.21.8"
      },
      "system": "x86_64-darwin",
      "group": "toplevel",
      "priority": 5
    },
    {
      "attr_path": "protobuf",
      "broken": false,
      "derivation": "/nix/store/dxj57s7n3rdqjn7vzdcj4lvf7h1yc55d-protobuf-3.21.8.drv",
      "description": "Google's data interchange format",
      "install_id": "protobuf",
      "license": "BSD-3-Clause",
      "locked_url": "https://github.com/flox/nixpkgs?rev=0fc9fca9c8d43edd79d33fea0dd8409d7c4580f4",
      "name": "protobuf-3.21.8",
      "pname": "protobuf",
      "rev": "0fc9fca9c8d43edd79d33fea0dd8409d7c4580f4",
      "rev_count": 439146,
      "rev_date": "2023-01-02T00:06:23Z",
      "scrape_date": "2024-08-16T02:13:46Z",
      "stabilities": [
        "staging",
        "unstable"
      ],
      "unfree": false,
      "version": "3.21.8",
      "outputs_to_install": [
        "out"
      ],
      "outputs": {
        "out": "/nix/store/x1qzynkv6f571riddy9c6cf2vk16md71-protobuf-3.21.8"
      },
      "system": "x86_64-linux",
      "group": "toplevel",
      "priority": 5
    },
    {
      "attr_path": "python",
      "broken": false,
      "derivation": "/nix/store/14chck670ca005mxvml26sk46b3m7r2l-python-2.7.18.5.drv",
      "description": "A high-level dynamically-typed programming language",
      "install_id": "python",
      "license": "Python-2.0",
      "locked_url": "https://github.com/flox/nixpkgs?rev=0fc9fca9c8d43edd79d33fea0dd8409d7c4580f4",
      "name": "python-2.7.18.5",
      "pname": "python",
      "rev": "0fc9fca9c8d43edd79d33fea0dd8409d7c4580f4",
      "rev_count": 439146,
      "rev_date": "2023-01-02T00:06:23Z",
      "scrape_date": "2024-08-16T02:13:46Z",
      "stabilities": [
        "staging",
        "unstable"
      ],
      "unfree": false,
      "version": "2.7.18.5",
      "outputs_to_install": [
        "out"
      ],
      "outputs": {
        "out": "/nix/store/cw29cg9jzgi6qz8c4zjxjmgc1dprj8il-python-2.7.18.5"
      },
      "system": "aarch64-darwin",
      "group": "toplevel",
      "priority": 5
    },
    {
      "attr_path": "python",
      "broken": false,
      "derivation": "/nix/store/caszjvk5h4lrg34n4j7xxlcska4c0ig5-python-2.7.18.5.drv",
      "description": "A high-level dynamically-typed programming language",
      "install_id": "python",
      "license": "Python-2.0",
      "locked_url": "https://github.com/flox/nixpkgs?rev=0fc9fca9c8d43edd79d33fea0dd8409d7c4580f4",
      "name": "python-2.7.18.5",
      "pname": "python",
      "rev": "0fc9fca9c8d43edd79d33fea0dd8409d7c4580f4",
      "rev_count": 439146,
      "rev_date": "2023-01-02T00:06:23Z",
      "scrape_date": "2024-08-16T02:13:46Z",
      "stabilities": [
        "staging",
        "unstable"
      ],
      "unfree": false,
      "version": "2.7.18.5",
      "outputs_to_install": [
        "out"
      ],
      "outputs": {
        "out": "/nix/store/85xdnvslacp1x9kxwijn4kyp88s88696-python-2.7.18.5"
      },
      "system": "aarch64-linux",
      "group": "toplevel",
      "priority": 5
    },
    {
      "attr_path": "python",
      "broken": false,
      "derivation": "/nix/store/kv5zal9yx6s16mknixcscsss1drw75zg-python-2.7.18.5.drv",
      "description": "A high-level dynamically-typed programming language",
      "install_id": "python",
      "license": "Python-2.0",
      "locked_url": "https://github.com/flox/nixpkgs?rev=0fc9fca9c8d43edd79d33fea0dd8409d7c4580f4",
      "name": "python-2.7.18.5",
      "pname": "python",
      "rev": "0fc9fca9c8d43edd79d33fea0dd8409d7c4580f4",
      "rev_count": 439146,
      "rev_date": "2023-01-02T00:06:23Z",
      "scrape_date": "2024-08-16T02:13:46Z",
      "stabilities": [
        "staging",
        "unstable"
      ],
      "unfree": false,
      "version": "2.7.18.5",
      "outputs_to_install": [
        "out"
      ],
      "outputs": {
        "out": "/nix/store/bv88b3gvqkzrwgflbnr463m608pmw1pq-python-2.7.18.5"
      },
      "system": "x86_64-darwin",
      "group": "toplevel",
      "priority": 5
    },
    {
      "attr_path": "python",
      "broken": false,
      "derivation": "/nix/store/9xv6pv3fqipca3ndw4g311mx4a23pnyr-python-2.7.18.5.drv",
      "description": "A high-level dynamically-typed programming language",
      "install_id": "python",
      "license": "Python-2.0",
      "locked_url": "https://github.com/flox/nixpkgs?rev=0fc9fca9c8d43edd79d33fea0dd8409d7c4580f4",
      "name": "python-2.7.18.5",
      "pname": "python",
      "rev": "0fc9fca9c8d43edd79d33fea0dd8409d7c4580f4",
      "rev_count": 439146,
      "rev_date": "2023-01-02T00:06:23Z",
      "scrape_date": "2024-08-16T02:13:46Z",
      "stabilities": [
        "staging",
        "unstable"
      ],
      "unfree": false,
      "version": "2.7.18.5",
      "outputs_to_install": [
        "out"
      ],
      "outputs": {
        "out": "/nix/store/vyd0a3w8csnbwivm9hrcz49cvfhryjaa-python-2.7.18.5"
      },
      "system": "x86_64-linux",
      "group": "toplevel",
      "priority": 5
    }
  ]
}